
Microsoft Visual Studio Solution File, Format Version 12.00
# Visual Studio 15
Project("{FAE04EC0-301F-11D3-BF4B-00C04F79EFBC}") = "Shoot The Cubes", "Assembly-CSharp.csproj", "{80F87E6F-67E8-2F74-C5C1-2F3054D93301}"
EndProject
Project("{FAE04EC0-301F-11D3-BF4B-00C04F79EFBC}") = "Shoot The Cubes", "Assembly-CSharp-Editor.csproj", "{4B3102A2-6334-A4CB-D522-ADD78AB0B50F}"
EndProject
Global
	GlobalSection(SolutionConfigurationPlatforms) = preSolution
		Debug|Any CPU = Debug|Any CPU
		Release|Any CPU = Release|Any CPU
	EndGlobalSection
	GlobalSection(ProjectConfigurationPlatforms) = postSolution
		{80F87E6F-67E8-2F74-C5C1-2F3054D93301}.Debug|Any CPU.ActiveCfg = Debug|Any CPU
		{80F87E6F-67E8-2F74-C5C1-2F3054D93301}.Debug|Any CPU.Build.0 = Debug|Any CPU
		{80F87E6F-67E8-2F74-C5C1-2F3054D93301}.Release|Any CPU.ActiveCfg = Release|Any CPU
		{80F87E6F-67E8-2F74-C5C1-2F3054D93301}.Release|Any CPU.Build.0 = Release|Any CPU
		{4B3102A2-6334-A4CB-D522-ADD78AB0B50F}.Debug|Any CPU.ActiveCfg = Debug|Any CPU
		{4B3102A2-6334-A4CB-D522-ADD78AB0B50F}.Debug|Any CPU.Build.0 = Debug|Any CPU
		{4B3102A2-6334-A4CB-D522-ADD78AB0B50F}.Release|Any CPU.ActiveCfg = Release|Any CPU
		{4B3102A2-6334-A4CB-D522-ADD78AB0B50F}.Release|Any CPU.Build.0 = Release|Any CPU
	EndGlobalSection
	GlobalSection(SolutionProperties) = preSolution
		HideSolutionNode = FALSE
	EndGlobalSection
EndGlobal
